{
  "name": "tigr-contract-workspace",
  "version": "0.3.0",
  "lockfileVersion": 3,
  "requires": true,
  "packages": {
    "": {
      "name": "tigr-contract-workspace",
      "version": "0.3.0",
      "workspaces": [
        "packages/artifacts-npm",
        "packages/contract-npm"
      ]
    },
    "node_modules/@tigrbljs/tigr-asgi-contract": {
      "resolved": "packages/contract-npm",
      "link": true
    },
    "node_modules/@tigrbljs/tigr-asgi-contract-artifacts": {
      "resolved": "packages/artifacts-npm",
      "link": true
    },
    "node_modules/react": {
      "version": "19.2.5",
      "resolved": "https://registry.npmjs.org/react/-/react-19.2.5.tgz",
      "integrity": "sha512-llUJLzz1zTUBrskt2pwZgLq59AemifIftw4aB7JxOqf1HY2FDaGDxgwpAPVzHU1kdWabH7FauP4i1oEeer2WCA==",
      "peer": true,
      "engines": {
        "node": ">=0.10.0"
      }
    },
    "packages/artifacts-npm": {
      "name": "@tigrbljs/tigr-asgi-contract-artifacts",
      "version": "0.3.0",
      "license": "Apache-2.0"
    },
    "packages/contract-npm": {
      "name": "@tigrbljs/tigr-asgi-contract",
      "version": "0.3.0",
      "license": "Apache-2.0",
      "peerDependencies": {
        "react": ">=18"
      }
    }
  }
}
